{
  "nodes": {
    "nixpkgs": {
      "locked": {
        "lastModified": 1689936796,
        "narHash": "sha256-gSB96CXjxQYTnS8odUUaGbCxvIeybNemOpFa6vPHYcU=",
        "owner": "NixOS",
        "repo": "nixpkgs",
        "rev": "b042cd2611adec4908a93c5953d59e8fdb95a3d1",
        "type": "github"
      },
      "original": {
        "owner": "NixOS",
        "repo": "nixpkgs",
        "type": "github"
      }
    },
    "root": {
      "inputs": {
        "nixpkgs": "nixpkgs"
      }
    }
  },
  "root": "root",
  "version": 7
}
