{
  "nodes": {
    "nixpkgs": {
      "locked": {
        "lastModified": 1680351893,
        "narHash": "sha256-MzAJWTsuN/NsJOEAhAReDJDfhkwdioc3oBHWzI9qTHk=",
        "owner": "NixOS",
        "repo": "nixpkgs",
        "rev": "f4ecc2680daef19887e1a320fa4bc43dc49fe2ea",
        "type": "github"
      },
      "original": {
        "owner": "NixOS",
        "repo": "nixpkgs",
        "type": "github"
      }
    },
    "root": {
      "inputs": {
        "nixpkgs": "nixpkgs"
      }
    }
  },
  "root": "root",
  "version": 7
}
